
Microsoft Visual Studio Solution File, Format Version 12.00
# Visual Studio Version 16
VisualStudioVersion = 16.0.31424.327
MinimumVisualStudioVersion = 10.0.40219.1
Project("{FAE04EC0-301F-11D3-BF4B-00C04F79EFBC}") = "CarRace", "CarRace\CarRace.csproj", "{EC15F8C2-A524-46CE-A61C-587769686DCB}"
EndProject
Global
	GlobalSection(SolutionConfigurationPlatforms) = preSolution
		Debug|Any CPU = Debug|Any CPU
		Release|Any CPU = Release|Any CPU
	EndGlobalSection
	GlobalSection(ProjectConfigurationPlatforms) = postSolution
		{EC15F8C2-A524-46CE-A61C-587769686DCB}.Debug|Any CPU.ActiveCfg = Debug|Any CPU
		{EC15F8C2-A524-46CE-A61C-587769686DCB}.Debug|Any CPU.Build.0 = Debug|Any CPU
		{EC15F8C2-A524-46CE-A61C-587769686DCB}.Release|Any CPU.ActiveCfg = Release|Any CPU
		{EC15F8C2-A524-46CE-A61C-587769686DCB}.Release|Any CPU.Build.0 = Release|Any CPU
	EndGlobalSection
	GlobalSection(SolutionProperties) = preSolution
		HideSolutionNode = FALSE
	EndGlobalSection
	GlobalSection(ExtensibilityGlobals) = postSolution
		SolutionGuid = {5C9B63A0-E39A-4350-BA15-57DE6B7BC379}
	EndGlobalSection
EndGlobal
